
Microsoft Visual Studio Solution File, Format Version 12.00
# Visual Studio Version 17
VisualStudioVersion = 17.4.33205.214
MinimumVisualStudioVersion = 10.0.40219.1
Project("{FAE04EC0-301F-11D3-BF4B-00C04F79EFBC}") = "Пр25_Малышева и Коршикова", "Пр25_Малышева и Коршикова.csproj", "{65DCCC8F-08C8-4477-ABCD-5B0504A6093A}"
EndProject
Global
	GlobalSection(SolutionConfigurationPlatforms) = preSolution
		Debug|Any CPU = Debug|Any CPU
		Release|Any CPU = Release|Any CPU
	EndGlobalSection
	GlobalSection(ProjectConfigurationPlatforms) = postSolution
		{65DCCC8F-08C8-4477-ABCD-5B0504A6093A}.Debug|Any CPU.ActiveCfg = Debug|Any CPU
		{65DCCC8F-08C8-4477-ABCD-5B0504A6093A}.Debug|Any CPU.Build.0 = Debug|Any CPU
		{65DCCC8F-08C8-4477-ABCD-5B0504A6093A}.Release|Any CPU.ActiveCfg = Release|Any CPU
		{65DCCC8F-08C8-4477-ABCD-5B0504A6093A}.Release|Any CPU.Build.0 = Release|Any CPU
	EndGlobalSection
	GlobalSection(SolutionProperties) = preSolution
		HideSolutionNode = FALSE
	EndGlobalSection
	GlobalSection(ExtensibilityGlobals) = postSolution
		SolutionGuid = {6D8EDE7A-C954-4CF8-8959-0E29E75C1012}
	EndGlobalSection
EndGlobal
